
Microsoft Visual Studio Solution File, Format Version 12.00
# Visual Studio Version 17
VisualStudioVersion = 17.11.34909.67
MinimumVisualStudioVersion = 10.0.40219.1
Project("{FAE04EC0-301F-11D3-BF4B-00C04F79EFBC}") = "Adware", "Adware\Adware.csproj", "{100976F0-B249-443B-9ADA-8ABA8ABC5625}"
EndProject
Global
	GlobalSection(SolutionConfigurationPlatforms) = preSolution
		Debug|Any CPU = Debug|Any CPU
		Release|Any CPU = Release|Any CPU
	EndGlobalSection
	GlobalSection(ProjectConfigurationPlatforms) = postSolution
		{100976F0-B249-443B-9ADA-8ABA8ABC5625}.Debug|Any CPU.ActiveCfg = Debug|Any CPU
		{100976F0-B249-443B-9ADA-8ABA8ABC5625}.Debug|Any CPU.Build.0 = Debug|Any CPU
		{100976F0-B249-443B-9ADA-8ABA8ABC5625}.Release|Any CPU.ActiveCfg = Release|Any CPU
		{100976F0-B249-443B-9ADA-8ABA8ABC5625}.Release|Any CPU.Build.0 = Release|Any CPU
	EndGlobalSection
	GlobalSection(SolutionProperties) = preSolution
		HideSolutionNode = FALSE
	EndGlobalSection
	GlobalSection(ExtensibilityGlobals) = postSolution
		SolutionGuid = {CFF79E18-9987-4085-ABD8-CFA204C863E8}
	EndGlobalSection
EndGlobal
